
Microsoft Visual Studio Solution File, Format Version 12.00
# Visual Studio Version 16
VisualStudioVersion = 16.0.30907.101
MinimumVisualStudioVersion = 10.0.40219.1
Project("{FAE04EC0-301F-11D3-BF4B-00C04F79EFBC}") = "wt-tool", "wt-tool\wt-tool.csproj", "{68F2925E-A03D-4EF1-9E4C-54677A23CCDB}"
EndProject
Global
	GlobalSection(SolutionConfigurationPlatforms) = preSolution
		Debug|Any CPU = Debug|Any CPU
		Release|Any CPU = Release|Any CPU
	EndGlobalSection
	GlobalSection(ProjectConfigurationPlatforms) = postSolution
		{68F2925E-A03D-4EF1-9E4C-54677A23CCDB}.Debug|Any CPU.ActiveCfg = Debug|Any CPU
		{68F2925E-A03D-4EF1-9E4C-54677A23CCDB}.Debug|Any CPU.Build.0 = Debug|Any CPU
		{68F2925E-A03D-4EF1-9E4C-54677A23CCDB}.Release|Any CPU.ActiveCfg = Release|Any CPU
		{68F2925E-A03D-4EF1-9E4C-54677A23CCDB}.Release|Any CPU.Build.0 = Release|Any CPU
	EndGlobalSection
	GlobalSection(SolutionProperties) = preSolution
		HideSolutionNode = FALSE
	EndGlobalSection
	GlobalSection(ExtensibilityGlobals) = postSolution
		SolutionGuid = {1F1DADF0-8868-4C09-AD83-FC056B7A493A}
	EndGlobalSection
EndGlobal
